<Solution>
  <Configurations>
    <Platform Name="Any CPU" />
    <Platform Name="x64" />
    <Platform Name="x86" />
  </Configurations>
  <Folder Name="/Solution Items/">
    <File Path=".gitignore" />
    <File Path="Directory.Build.props" />
    <File Path="Directory.Packages.props" />
  </Folder>
  <Folder Name="/aspire/">
    <Project Path="aspire/Blog.Portfolio.AppHost/Blog.Portfolio.AppHost.csproj" />
    <Project Path="aspire/Blog.Portfolio.AppHost.Tests/Blog.Portfolio.AppHost.Tests.csproj" />
    <Project Path="aspire/Blog.Portfolio.ServiceDefaults/Blog.Portfolio.ServiceDefaults.csproj" />
  </Folder>
  <Folder Name="/host/">
    <Project Path="host/src/Blog.Portfolio.Host/Blog.Portfolio.Host.csproj" />
    <Project Path="host/tests/Blog.Portfolio.Host.Tests/Blog.Portfolio.Host.Tests.csproj" />
  </Folder>
  <Folder Name="/shared/backend/">
    <Project Path="shared/backend/Blog.Portfolio.Shared.Backend/Blog.Portfolio.Shared.Backend.csproj" />
  </Folder>
  <Folder Name="/apps/example/backend/">
    <Project Path="apps/example/backend/src/Blog.Portfolio.Apps.Example.Backend/Blog.Portfolio.Apps.Example.Backend.csproj" />
    <Project Path="apps/example/backend/tests/Blog.Portfolio.Apps.Example.Backend.Tests/Blog.Portfolio.Apps.Example.Backend.Tests.csproj" />
  </Folder>
  <Folder Name="/apps/email-subscription/backend/">
    <Project Path="apps/email-subscription/backend/src/Blog.Portfolio.Apps.EmailSubscription.Backend/Blog.Portfolio.Apps.EmailSubscription.Backend.csproj" />
    <Project Path="apps/email-subscription/backend/tests/Blog.Portfolio.Apps.EmailSubscription.Backend.Tests/Blog.Portfolio.Apps.EmailSubscription.Backend.Tests.csproj" />
  </Folder>
</Solution>
